
Microsoft Visual Studio Solution File, Format Version 12.00
# Visual Studio Version 16
VisualStudioVersion = 16.0.31729.503
MinimumVisualStudioVersion = 10.0.40219.1
Project("{9A19103F-16F7-4668-BE54-9A1E7A4F7556}") = "Project", "Project\Project.csproj", "{726DDEC9-6DE5-4F7D-8D97-C85F4EDD0948}"
EndProject
Global
	GlobalSection(SolutionConfigurationPlatforms) = preSolution
		Debug|Any CPU = Debug|Any CPU
		Release|Any CPU = Release|Any CPU
	EndGlobalSection
	GlobalSection(ProjectConfigurationPlatforms) = postSolution
		{726DDEC9-6DE5-4F7D-8D97-C85F4EDD0948}.Debug|Any CPU.ActiveCfg = Debug|Any CPU
		{726DDEC9-6DE5-4F7D-8D97-C85F4EDD0948}.Debug|Any CPU.Build.0 = Debug|Any CPU
		{726DDEC9-6DE5-4F7D-8D97-C85F4EDD0948}.Release|Any CPU.ActiveCfg = Release|Any CPU
		{726DDEC9-6DE5-4F7D-8D97-C85F4EDD0948}.Release|Any CPU.Build.0 = Release|Any CPU
	EndGlobalSection
	GlobalSection(SolutionProperties) = preSolution
		HideSolutionNode = FALSE
	EndGlobalSection
	GlobalSection(ExtensibilityGlobals) = postSolution
		SolutionGuid = {AC8051C9-5E7C-44FA-B7B3-543331282183}
	EndGlobalSection
EndGlobal
